
Microsoft Visual Studio Solution File, Format Version 12.00
# Visual Studio Version 17
VisualStudioVersion = 17.4.33213.308
MinimumVisualStudioVersion = 10.0.40219.1
Project("{FAE04EC0-301F-11D3-BF4B-00C04F79EFBC}") = "SMBZ-64", "SMBZ-64.csproj", "{D83C076D-045E-4D3A-9703-6676D55DF907}"
EndProject
Global
	GlobalSection(SolutionConfigurationPlatforms) = preSolution
		Debug|Any CPU = Debug|Any CPU
		Release|Any CPU = Release|Any CPU
	EndGlobalSection
	GlobalSection(ProjectConfigurationPlatforms) = postSolution
		{D83C076D-045E-4D3A-9703-6676D55DF907}.Debug|Any CPU.ActiveCfg = Debug|Any CPU
		{D83C076D-045E-4D3A-9703-6676D55DF907}.Debug|Any CPU.Build.0 = Debug|Any CPU
		{D83C076D-045E-4D3A-9703-6676D55DF907}.Release|Any CPU.ActiveCfg = Release|Any CPU
		{D83C076D-045E-4D3A-9703-6676D55DF907}.Release|Any CPU.Build.0 = Release|Any CPU
	EndGlobalSection
	GlobalSection(SolutionProperties) = preSolution
		HideSolutionNode = FALSE
	EndGlobalSection
	GlobalSection(ExtensibilityGlobals) = postSolution
		SolutionGuid = {BF1DF5C0-C1E6-4074-8388-9348BCDCFDC8}
	EndGlobalSection
EndGlobal
